
Microsoft Visual Studio Solution File, Format Version 12.00
# Visual Studio Version 17
VisualStudioVersion = 17.10.35013.160
MinimumVisualStudioVersion = 10.0.40219.1
Project("{FAE04EC0-301F-11D3-BF4B-00C04F79EFBC}") = "GithubTutorial", "GithubTutorial\GithubTutorial.csproj", "{60C887F0-480A-4A3C-8722-60BD1C845554}"
EndProject
Global
	GlobalSection(SolutionConfigurationPlatforms) = preSolution
		Debug|Any CPU = Debug|Any CPU
		Release|Any CPU = Release|Any CPU
	EndGlobalSection
	GlobalSection(ProjectConfigurationPlatforms) = postSolution
		{60C887F0-480A-4A3C-8722-60BD1C845554}.Debug|Any CPU.ActiveCfg = Debug|Any CPU
		{60C887F0-480A-4A3C-8722-60BD1C845554}.Debug|Any CPU.Build.0 = Debug|Any CPU
		{60C887F0-480A-4A3C-8722-60BD1C845554}.Release|Any CPU.ActiveCfg = Release|Any CPU
		{60C887F0-480A-4A3C-8722-60BD1C845554}.Release|Any CPU.Build.0 = Release|Any CPU
	EndGlobalSection
	GlobalSection(SolutionProperties) = preSolution
		HideSolutionNode = FALSE
	EndGlobalSection
	GlobalSection(ExtensibilityGlobals) = postSolution
		SolutionGuid = {41F3B64F-9D7D-44DC-B27B-89E8759F6F1F}
	EndGlobalSection
EndGlobal
